
Microsoft Visual Studio Solution File, Format Version 12.00
# Visual Studio Version 16
VisualStudioVersion = 16.0.31229.75
MinimumVisualStudioVersion = 10.0.40219.1
Project("{FAE04EC0-301F-11D3-BF4B-00C04F79EFBC}") = "DiskInfo", "DiskInfo\DiskInfo.csproj", "{D2E7EF5A-75D8-44BF-95D8-3E24A0E6D373}"
EndProject
Global
	GlobalSection(SolutionConfigurationPlatforms) = preSolution
		Debug|Any CPU = Debug|Any CPU
		Release|Any CPU = Release|Any CPU
	EndGlobalSection
	GlobalSection(ProjectConfigurationPlatforms) = postSolution
		{D2E7EF5A-75D8-44BF-95D8-3E24A0E6D373}.Debug|Any CPU.ActiveCfg = Debug|Any CPU
		{D2E7EF5A-75D8-44BF-95D8-3E24A0E6D373}.Debug|Any CPU.Build.0 = Debug|Any CPU
		{D2E7EF5A-75D8-44BF-95D8-3E24A0E6D373}.Release|Any CPU.ActiveCfg = Release|Any CPU
		{D2E7EF5A-75D8-44BF-95D8-3E24A0E6D373}.Release|Any CPU.Build.0 = Release|Any CPU
	EndGlobalSection
	GlobalSection(SolutionProperties) = preSolution
		HideSolutionNode = FALSE
	EndGlobalSection
	GlobalSection(ExtensibilityGlobals) = postSolution
		SolutionGuid = {1277FA15-E0EF-48C2-A562-DF14E02AA3E0}
	EndGlobalSection
EndGlobal
