
Microsoft Visual Studio Solution File, Format Version 12.00
# Visual Studio 15
VisualStudioVersion = 15.0.28307.489
MinimumVisualStudioVersion = 10.0.40219.1
Project("{FAE04EC0-301F-11D3-BF4B-00C04F79EFBC}") = "ConsoleApp1", "ConsoleApp1\ConsoleApp1.csproj", "{6707F199-4749-409F-96E1-6F0EBCFB33BA}"
EndProject
Project("{FAE04EC0-301F-11D3-BF4B-00C04F79EFBC}") = "DLLView", "DLLView\DLLView.csproj", "{E35C9F89-7385-43C8-AF44-AFE9EDAE4D37}"
EndProject
Project("{FAE04EC0-301F-11D3-BF4B-00C04F79EFBC}") = "DLLcount", "DLLcount\DLLcount.csproj", "{DCD55CA5-9473-42E4-9F17-78C92EF84EC7}"
EndProject
Global
	GlobalSection(SolutionConfigurationPlatforms) = preSolution
		Debug|Any CPU = Debug|Any CPU
		Release|Any CPU = Release|Any CPU
	EndGlobalSection
	GlobalSection(ProjectConfigurationPlatforms) = postSolution
		{6707F199-4749-409F-96E1-6F0EBCFB33BA}.Debug|Any CPU.ActiveCfg = Debug|Any CPU
		{6707F199-4749-409F-96E1-6F0EBCFB33BA}.Debug|Any CPU.Build.0 = Debug|Any CPU
		{6707F199-4749-409F-96E1-6F0EBCFB33BA}.Release|Any CPU.ActiveCfg = Release|Any CPU
		{6707F199-4749-409F-96E1-6F0EBCFB33BA}.Release|Any CPU.Build.0 = Release|Any CPU
		{E35C9F89-7385-43C8-AF44-AFE9EDAE4D37}.Debug|Any CPU.ActiveCfg = Debug|Any CPU
		{E35C9F89-7385-43C8-AF44-AFE9EDAE4D37}.Debug|Any CPU.Build.0 = Debug|Any CPU
		{E35C9F89-7385-43C8-AF44-AFE9EDAE4D37}.Release|Any CPU.ActiveCfg = Release|Any CPU
		{E35C9F89-7385-43C8-AF44-AFE9EDAE4D37}.Release|Any CPU.Build.0 = Release|Any CPU
		{DCD55CA5-9473-42E4-9F17-78C92EF84EC7}.Debug|Any CPU.ActiveCfg = Debug|Any CPU
		{DCD55CA5-9473-42E4-9F17-78C92EF84EC7}.Debug|Any CPU.Build.0 = Debug|Any CPU
		{DCD55CA5-9473-42E4-9F17-78C92EF84EC7}.Release|Any CPU.ActiveCfg = Release|Any CPU
		{DCD55CA5-9473-42E4-9F17-78C92EF84EC7}.Release|Any CPU.Build.0 = Release|Any CPU
	EndGlobalSection
	GlobalSection(SolutionProperties) = preSolution
		HideSolutionNode = FALSE
	EndGlobalSection
	GlobalSection(ExtensibilityGlobals) = postSolution
		SolutionGuid = {977F295A-652D-4DCD-B46D-75A6A15CD962}
	EndGlobalSection
EndGlobal
